
Microsoft Visual Studio Solution File, Format Version 12.00
# Visual Studio 15
VisualStudioVersion = 15.0.28307.136
MinimumVisualStudioVersion = 10.0.40219.1
Project("{FAE04EC0-301F-11D3-BF4B-00C04F79EFBC}") = "HackerRank", "HackerRank\HackerRank.csproj", "{6AC94337-FFF1-4087-A664-A51A965D8091}"
EndProject
Global
	GlobalSection(SolutionConfigurationPlatforms) = preSolution
		Debug|Any CPU = Debug|Any CPU
		Release|Any CPU = Release|Any CPU
	EndGlobalSection
	GlobalSection(ProjectConfigurationPlatforms) = postSolution
		{6AC94337-FFF1-4087-A664-A51A965D8091}.Debug|Any CPU.ActiveCfg = Debug|Any CPU
		{6AC94337-FFF1-4087-A664-A51A965D8091}.Debug|Any CPU.Build.0 = Debug|Any CPU
		{6AC94337-FFF1-4087-A664-A51A965D8091}.Release|Any CPU.ActiveCfg = Release|Any CPU
		{6AC94337-FFF1-4087-A664-A51A965D8091}.Release|Any CPU.Build.0 = Release|Any CPU
	EndGlobalSection
	GlobalSection(SolutionProperties) = preSolution
		HideSolutionNode = FALSE
	EndGlobalSection
	GlobalSection(ExtensibilityGlobals) = postSolution
		SolutionGuid = {39652677-176E-4C96-905F-C880D1F0F965}
	EndGlobalSection
EndGlobal
